
Microsoft Visual Studio Solution File, Format Version 12.00
# Visual Studio Version 16
VisualStudioVersion = 16.0.35229.62
MinimumVisualStudioVersion = 10.0.40219.1
Project("{FAE04EC0-301F-11D3-BF4B-00C04F79EFBC}") = "ADO", "ADO\ADO.csproj", "{D13661F4-40DF-44C5-93D2-F1EC5B71098D}"
EndProject
Project("{FAE04EC0-301F-11D3-BF4B-00C04F79EFBC}") = "Library2", "Library2\Library2.csproj", "{49941F33-6D6E-4E36-8F48-C17BF003516F}"
EndProject
Global
	GlobalSection(SolutionConfigurationPlatforms) = preSolution
		Debug|Any CPU = Debug|Any CPU
		Release|Any CPU = Release|Any CPU
	EndGlobalSection
	GlobalSection(ProjectConfigurationPlatforms) = postSolution
		{D13661F4-40DF-44C5-93D2-F1EC5B71098D}.Debug|Any CPU.ActiveCfg = Debug|Any CPU
		{D13661F4-40DF-44C5-93D2-F1EC5B71098D}.Debug|Any CPU.Build.0 = Debug|Any CPU
		{D13661F4-40DF-44C5-93D2-F1EC5B71098D}.Release|Any CPU.ActiveCfg = Release|Any CPU
		{D13661F4-40DF-44C5-93D2-F1EC5B71098D}.Release|Any CPU.Build.0 = Release|Any CPU
		{49941F33-6D6E-4E36-8F48-C17BF003516F}.Debug|Any CPU.ActiveCfg = Debug|Any CPU
		{49941F33-6D6E-4E36-8F48-C17BF003516F}.Debug|Any CPU.Build.0 = Debug|Any CPU
		{49941F33-6D6E-4E36-8F48-C17BF003516F}.Release|Any CPU.ActiveCfg = Release|Any CPU
		{49941F33-6D6E-4E36-8F48-C17BF003516F}.Release|Any CPU.Build.0 = Release|Any CPU
	EndGlobalSection
	GlobalSection(SolutionProperties) = preSolution
		HideSolutionNode = FALSE
	EndGlobalSection
	GlobalSection(ExtensibilityGlobals) = postSolution
		SolutionGuid = {6DA06D51-BC2C-4791-8712-9D3B27CBACEC}
	EndGlobalSection
EndGlobal
